
Microsoft Visual Studio Solution File, Format Version 12.00
# Visual Studio Version 16
VisualStudioVersion = 16.0.30406.217
MinimumVisualStudioVersion = 10.0.40219.1
Project("{FAE04EC0-301F-11D3-BF4B-00C04F79EFBC}") = "OperatorsExercise", "OperatorsExercise\OperatorsExercise.csproj", "{067C286C-6084-405C-B9A9-711245699378}"
EndProject
Global
	GlobalSection(SolutionConfigurationPlatforms) = preSolution
		Debug|Any CPU = Debug|Any CPU
		Release|Any CPU = Release|Any CPU
	EndGlobalSection
	GlobalSection(ProjectConfigurationPlatforms) = postSolution
		{067C286C-6084-405C-B9A9-711245699378}.Debug|Any CPU.ActiveCfg = Debug|Any CPU
		{067C286C-6084-405C-B9A9-711245699378}.Debug|Any CPU.Build.0 = Debug|Any CPU
		{067C286C-6084-405C-B9A9-711245699378}.Release|Any CPU.ActiveCfg = Release|Any CPU
		{067C286C-6084-405C-B9A9-711245699378}.Release|Any CPU.Build.0 = Release|Any CPU
	EndGlobalSection
	GlobalSection(SolutionProperties) = preSolution
		HideSolutionNode = FALSE
	EndGlobalSection
	GlobalSection(ExtensibilityGlobals) = postSolution
		SolutionGuid = {CF578328-9104-48B0-83EF-552F4E4ADE2D}
	EndGlobalSection
EndGlobal
